
Microsoft Visual Studio Solution File, Format Version 12.00
# Visual Studio Version 17
VisualStudioVersion = 17.0.31919.166
MinimumVisualStudioVersion = 10.0.40219.1
Project("{FAE04EC0-301F-11D3-BF4B-00C04F79EFBC}") = "DecisionStructuresAndLoops", "DecisionStructuresAndLoops\DecisionStructuresAndLoops.csproj", "{73AA2848-EF1D-4683-AB79-DB92F368FDC4}"
EndProject
Global
	GlobalSection(SolutionConfigurationPlatforms) = preSolution
		Debug|Any CPU = Debug|Any CPU
		Release|Any CPU = Release|Any CPU
	EndGlobalSection
	GlobalSection(ProjectConfigurationPlatforms) = postSolution
		{73AA2848-EF1D-4683-AB79-DB92F368FDC4}.Debug|Any CPU.ActiveCfg = Debug|Any CPU
		{73AA2848-EF1D-4683-AB79-DB92F368FDC4}.Debug|Any CPU.Build.0 = Debug|Any CPU
		{73AA2848-EF1D-4683-AB79-DB92F368FDC4}.Release|Any CPU.ActiveCfg = Release|Any CPU
		{73AA2848-EF1D-4683-AB79-DB92F368FDC4}.Release|Any CPU.Build.0 = Release|Any CPU
	EndGlobalSection
	GlobalSection(SolutionProperties) = preSolution
		HideSolutionNode = FALSE
	EndGlobalSection
	GlobalSection(ExtensibilityGlobals) = postSolution
		SolutionGuid = {B492DB9E-1F74-4D4F-9BCD-6F82E3CC964B}
	EndGlobalSection
EndGlobal
